PODS:
  - AppAuth (1.0.0):
    - AppAuth/Core (= 1.0.0)
    - AppAuth/ExternalUserAgent (= 1.0.0)
  - AppAuth/Core (1.0.0)
  - AppAuth/ExternalUserAgent (1.0.0)

DEPENDENCIES:
  - AppAuth (>= 0.94)

SPEC REPOS:
  https://github.com/cocoapods/specs.git:
    - AppAuth

SPEC CHECKSUMS:
  AppAuth: c42547576838bf025b852736dd9b8a1c943fe68f

PODFILE CHECKSUM: 3905b7aeeeb79f7ef9fc0f28893849de15c22954

COCOAPODS: 1.7.4
